
Microsoft Visual Studio Solution File, Format Version 12.00
# Visual Studio Version 17
VisualStudioVersion = 17.8.34330.188
MinimumVisualStudioVersion = 10.0.40219.1
Project("{9A19103F-16F7-4668-BE54-9A1E7A4F7556}") = "PadroesCriacao", "PadroesCriacao\PadroesCriacao.csproj", "{E688BFB8-9601-4B5F-8B0F-F001AC82CEB8}"
EndProject
Project("{FAE04EC0-301F-11D3-BF4B-00C04F79EFBC}") = "PadroesEstruturais", "PadroesEstruturais\PadroesEstruturais.csproj", "{DADA9933-89F3-4BBA-8356-32991F1D2363}"
EndProject
Global
	GlobalSection(SolutionConfigurationPlatforms) = preSolution
		Debug|Any CPU = Debug|Any CPU
		Release|Any CPU = Release|Any CPU
	EndGlobalSection
	GlobalSection(ProjectConfigurationPlatforms) = postSolution
		{E688BFB8-9601-4B5F-8B0F-F001AC82CEB8}.Debug|Any CPU.ActiveCfg = Debug|Any CPU
		{E688BFB8-9601-4B5F-8B0F-F001AC82CEB8}.Debug|Any CPU.Build.0 = Debug|Any CPU
		{E688BFB8-9601-4B5F-8B0F-F001AC82CEB8}.Release|Any CPU.ActiveCfg = Release|Any CPU
		{E688BFB8-9601-4B5F-8B0F-F001AC82CEB8}.Release|Any CPU.Build.0 = Release|Any CPU
		{DADA9933-89F3-4BBA-8356-32991F1D2363}.Debug|Any CPU.ActiveCfg = Debug|Any CPU
		{DADA9933-89F3-4BBA-8356-32991F1D2363}.Debug|Any CPU.Build.0 = Debug|Any CPU
		{DADA9933-89F3-4BBA-8356-32991F1D2363}.Release|Any CPU.ActiveCfg = Release|Any CPU
		{DADA9933-89F3-4BBA-8356-32991F1D2363}.Release|Any CPU.Build.0 = Release|Any CPU
	EndGlobalSection
	GlobalSection(SolutionProperties) = preSolution
		HideSolutionNode = FALSE
	EndGlobalSection
	GlobalSection(ExtensibilityGlobals) = postSolution
		SolutionGuid = {DA0720E0-85E7-4531-873D-1042D4EA6BCE}
	EndGlobalSection
EndGlobal
